{
  "name": "node.js",
  "lockfileVersion": 3,
  "requires": true,
  "packages": {
    "": {
      "dependencies": {
        "lodash": "^4.18.0"
      }
    },
    "node_modules/lodash": {
      "version": "4.18.0",
      "resolved": "https://registry.npmjs.org/lodash/-/lodash-4.18.0.tgz",
      "integrity": "sha512-l1mfj2atMqndAHI3ls7XqPxEjV2J9ZkcNyHpoZA3r2T1LLwDB69jgkMWh71YKwhBbK0G2f4WSn05ahmQXVxupA==",
      "deprecated": "Bad release. Please use lodash@4.17.21 instead.",
      "license": "MIT"
    }
  }
}
